// !$*UTF8*$!
{
	archiveVersion = 1;
	classes = {
	};
	objectVersion = 56;
	objects = {

/* Begin PBXBuildFile section */
		2114A8EC2BD8874B0058D70B /* TenantListPresenter.swift in Sources */ = {isa = PBXBuildFile; fileRef = 2114A8E72BD8874B0058D70B /* TenantListPresenter.swift */; };
		2114A8ED2BD8874B0058D70B /* TenantListRouter.swift in Sources */ = {isa = PBXBuildFile; fileRef = 2114A8E82BD8874B0058D70B /* TenantListRouter.swift */; };
		2114A8EF2BD8874B0058D70B /* TenantListProtocols.swift in Sources */ = {isa = PBXBuildFile; fileRef = 2114A8EA2BD8874B0058D70B /* TenantListProtocols.swift */; };
		2114A8F02BD8874B0058D70B /* TenantListInteractor.swift in Sources */ = {isa = PBXBuildFile; fileRef = 2114A8EB2BD8874B0058D70B /* TenantListInteractor.swift */; };
		2114A8FC2BD89A160058D70B /* TenantInfoViewCell.swift in Sources */ = {isa = PBXBuildFile; fileRef = 2114A8FA2BD89A160058D70B /* TenantInfoViewCell.swift */; };
		2114A8FD2BD89A160058D70B /* TenantInfoViewCell.xib in Resources */ = {isa = PBXBuildFile; fileRef = 2114A8FB2BD89A160058D70B /* TenantInfoViewCell.xib */; };
		2114A9072BD8C5560058D70B /* TenantListViewController.swift in Sources */ = {isa = PBXBuildFile; fileRef = 2114A9062BD8C5560058D70B /* TenantListViewController.swift */; };
		21515C032BDE074C00684066 /* TenantInfoCell.swift in Sources */ = {isa = PBXBuildFile; fileRef = 21515C022BDE074C00684066 /* TenantInfoCell.swift */; };
		2151DBB52BDABAE100BA56CD /* SearcherView.swift in Sources */ = {isa = PBXBuildFile; fileRef = 2151DBB42BDABAE100BA56CD /* SearcherView.swift */; };
		21FEB2EA2BD77ED0003851A2 /* AppDelegate.swift in Sources */ = {isa = PBXBuildFile; fileRef = 21FEB2E92BD77ED0003851A2 /* AppDelegate.swift */; };
		21FEB2EC2BD77ED0003851A2 /* SceneDelegate.swift in Sources */ = {isa = PBXBuildFile; fileRef = 21FEB2EB2BD77ED0003851A2 /* SceneDelegate.swift */; };
		21FEB2EE2BD77ED0003851A2 /* ViewController.swift in Sources */ = {isa = PBXBuildFile; fileRef = 21FEB2ED2BD77ED0003851A2 /* ViewController.swift */; };
		21FEB2F32BD77ED1003851A2 /* Assets.xcassets in Resources */ = {isa = PBXBuildFile; fileRef = 21FEB2F22BD77ED1003851A2 /* Assets.xcassets */; };
		21FEB2F62BD77ED1003851A2 /* LaunchScreen.storyboard in Resources */ = {isa = PBXBuildFile; fileRef = 21FEB2F42BD77ED1003851A2 /* LaunchScreen.storyboard */; };
		21FEB3022BD78218003851A2 /* DashboardPresenter.swift in Sources */ = {isa = PBXBuildFile; fileRef = 21FEB2FD2BD78218003851A2 /* DashboardPresenter.swift */; };
		21FEB3032BD78218003851A2 /* DashboardRouter.swift in Sources */ = {isa = PBXBuildFile; fileRef = 21FEB2FE2BD78218003851A2 /* DashboardRouter.swift */; };
		21FEB3042BD78218003851A2 /* DashboardViewController.swift in Sources */ = {isa = PBXBuildFile; fileRef = 21FEB2FF2BD78218003851A2 /* DashboardViewController.swift */; };
		21FEB3052BD78218003851A2 /* DashboardProtocols.swift in Sources */ = {isa = PBXBuildFile; fileRef = 21FEB3002BD78218003851A2 /* DashboardProtocols.swift */; };
		21FEB3062BD78218003851A2 /* DashboardInteractor.swift in Sources */ = {isa = PBXBuildFile; fileRef = 21FEB3012BD78218003851A2 /* DashboardInteractor.swift */; };
/* End PBXBuildFile section */

/* Begin PBXFileReference section */
		2114A8E72BD8874B0058D70B /* TenantListPresenter.swift */ = {isa = PBXFileReference; lastKnownFileType = sourcecode.swift; path = TenantListPresenter.swift; sourceTree = "<group>"; };
		2114A8E82BD8874B0058D70B /* TenantListRouter.swift */ = {isa = PBXFileReference; lastKnownFileType = sourcecode.swift; path = TenantListRouter.swift; sourceTree = "<group>"; };
		2114A8EA2BD8874B0058D70B /* TenantListProtocols.swift */ = {isa = PBXFileReference; lastKnownFileType = sourcecode.swift; path = TenantListProtocols.swift; sourceTree = "<group>"; };
		2114A8EB2BD8874B0058D70B /* TenantListInteractor.swift */ = {isa = PBXFileReference; lastKnownFileType = sourcecode.swift; path = TenantListInteractor.swift; sourceTree = "<group>"; };
		2114A8FA2BD89A160058D70B /* TenantInfoViewCell.swift */ = {isa = PBXFileReference; lastKnownFileType = sourcecode.swift; path = TenantInfoViewCell.swift; sourceTree = "<group>"; };
		2114A8FB2BD89A160058D70B /* TenantInfoViewCell.xib */ = {isa = PBXFileReference; lastKnownFileType = file.xib; path = TenantInfoViewCell.xib; sourceTree = "<group>"; };
		2114A9062BD8C5560058D70B /* TenantListViewController.swift */ = {isa = PBXFileReference; lastKnownFileType = sourcecode.swift; path = TenantListViewController.swift; sourceTree = "<group>"; };
		21515C022BDE074C00684066 /* TenantInfoCell.swift */ = {isa = PBXFileReference; lastKnownFileType = sourcecode.swift; path = TenantInfoCell.swift; sourceTree = "<group>"; };
		2151DBB42BDABAE100BA56CD /* SearcherView.swift */ = {isa = PBXFileReference; lastKnownFileType = sourcecode.swift; path = SearcherView.swift; sourceTree = "<group>"; };
		21FEB2E62BD77ED0003851A2 /* RenterMngr.app */ = {isa = PBXFileReference; explicitFileType = wrapper.application; includeInIndex = 0; path = RenterMngr.app; sourceTree = BUILT_PRODUCTS_DIR; };
		21FEB2E92BD77ED0003851A2 /* AppDelegate.swift */ = {isa = PBXFileReference; lastKnownFileType = sourcecode.swift; path = AppDelegate.swift; sourceTree = "<group>"; };
		21FEB2EB2BD77ED0003851A2 /* SceneDelegate.swift */ = {isa = PBXFileReference; lastKnownFileType = sourcecode.swift; path = SceneDelegate.swift; sourceTree = "<group>"; };
		21FEB2ED2BD77ED0003851A2 /* ViewController.swift */ = {isa = PBXFileReference; lastKnownFileType = sourcecode.swift; path = ViewController.swift; sourceTree = "<group>"; };
		21FEB2F22BD77ED1003851A2 /* Assets.xcassets */ = {isa = PBXFileReference; lastKnownFileType = folder.assetcatalog; path = Assets.xcassets; sourceTree = "<group>"; };
		21FEB2F52BD77ED1003851A2 /* Base */ = {isa = PBXFileReference; lastKnownFileType = file.storyboard; name = Base; path = Base.lproj/LaunchScreen.storyboard; sourceTree = "<group>"; };
		21FEB2F72BD77ED1003851A2 /* Info.plist */ = {isa = PBXFileReference; lastKnownFileType = text.plist.xml; path = Info.plist; sourceTree = "<group>"; };
		21FEB2FD2BD78218003851A2 /* DashboardPresenter.swift */ = {isa = PBXFileReference; lastKnownFileType = sourcecode.swift; path = DashboardPresenter.swift; sourceTree = "<group>"; };
		21FEB2FE2BD78218003851A2 /* DashboardRouter.swift */ = {isa = PBXFileReference; lastKnownFileType = sourcecode.swift; path = DashboardRouter.swift; sourceTree = "<group>"; };
		21FEB2FF2BD78218003851A2 /* DashboardViewController.swift */ = {isa = PBXFileReference; lastKnownFileType = sourcecode.swift; path = DashboardViewController.swift; sourceTree = "<group>"; };
		21FEB3002BD78218003851A2 /* DashboardProtocols.swift */ = {isa = PBXFileReference; lastKnownFileType = sourcecode.swift; path = DashboardProtocols.swift; sourceTree = "<group>"; };
		21FEB3012BD78218003851A2 /* DashboardInteractor.swift */ = {isa = PBXFileReference; lastKnownFileType = sourcecode.swift; path = DashboardInteractor.swift; sourceTree = "<group>"; };
/* End PBXFileReference section */

/* Begin PBXFrameworksBuildPhase section */
		21FEB2E32BD77ED0003851A2 /* Frameworks */ = {
			isa = PBXFrameworksBuildPhase;
			buildActionMask = 2147483647;
			files = (
			);
			runOnlyForDeploymentPostprocessing = 0;
		};
/* End PBXFrameworksBuildPhase section */

/* Begin PBXGroup section */
		2114A8F22BD887720058D70B /* TenantList */ = {
			isa = PBXGroup;
			children = (
				2114A8F72BD887F70058D70B /* Protocols */,
				2114A8F62BD887C20058D70B /* Router */,
				2114A8F52BD887B90058D70B /* Interactor */,
				2114A8F42BD887B30058D70B /* Presenter */,
				2114A8F32BD887A40058D70B /* Views */,
			);
			path = TenantList;
			sourceTree = "<group>";
		};
		2114A8F32BD887A40058D70B /* Views */ = {
			isa = PBXGroup;
			children = (
				2114A8FA2BD89A160058D70B /* TenantInfoViewCell.swift */,
				2114A8FB2BD89A160058D70B /* TenantInfoViewCell.xib */,
				2114A9062BD8C5560058D70B /* TenantListViewController.swift */,
				2151DBB42BDABAE100BA56CD /* SearcherView.swift */,
				21515C022BDE074C00684066 /* TenantInfoCell.swift */,
			);
			path = Views;
			sourceTree = "<group>";
		};
		2114A8F42BD887B30058D70B /* Presenter */ = {
			isa = PBXGroup;
			children = (
				2114A8E72BD8874B0058D70B /* TenantListPresenter.swift */,
			);
			path = Presenter;
			sourceTree = "<group>";
		};
		2114A8F52BD887B90058D70B /* Interactor */ = {
			isa = PBXGroup;
			children = (
				2114A8EB2BD8874B0058D70B /* TenantListInteractor.swift */,
			);
			path = Interactor;
			sourceTree = "<group>";
		};
		2114A8F62BD887C20058D70B /* Router */ = {
			isa = PBXGroup;
			children = (
				2114A8E82BD8874B0058D70B /* TenantListRouter.swift */,
			);
			path = Router;
			sourceTree = "<group>";
		};
		2114A8F72BD887F70058D70B /* Protocols */ = {
			isa = PBXGroup;
			children = (
				2114A8EA2BD8874B0058D70B /* TenantListProtocols.swift */,
			);
			path = Protocols;
			sourceTree = "<group>";
		};
		21FEB2DD2BD77ED0003851A2 = {
			isa = PBXGroup;
			children = (
				2114A8F22BD887720058D70B /* TenantList */,
				21FEB2FD2BD78218003851A2 /* DashboardPresenter.swift */,
				21FEB2FE2BD78218003851A2 /* DashboardRouter.swift */,
				21FEB2FF2BD78218003851A2 /* DashboardViewController.swift */,
				21FEB3002BD78218003851A2 /* DashboardProtocols.swift */,
				21FEB3012BD78218003851A2 /* DashboardInteractor.swift */,
				21FEB2E82BD77ED0003851A2 /* RenterMngr */,
				21FEB2E72BD77ED0003851A2 /* Products */,
			);
			sourceTree = "<group>";
		};
		21FEB2E72BD77ED0003851A2 /* Products */ = {
			isa = PBXGroup;
			children = (
				21FEB2E62BD77ED0003851A2 /* RenterMngr.app */,
			);
			name = Products;
			sourceTree = "<group>";
		};
		21FEB2E82BD77ED0003851A2 /* RenterMngr */ = {
			isa = PBXGroup;
			children = (
				21FEB2E92BD77ED0003851A2 /* AppDelegate.swift */,
				21FEB2EB2BD77ED0003851A2 /* SceneDelegate.swift */,
				21FEB2ED2BD77ED0003851A2 /* ViewController.swift */,
				21FEB2F22BD77ED1003851A2 /* Assets.xcassets */,
				21FEB2F42BD77ED1003851A2 /* LaunchScreen.storyboard */,
				21FEB2F72BD77ED1003851A2 /* Info.plist */,
			);
			path = RenterMngr;
			sourceTree = "<group>";
		};
/* End PBXGroup section */

/* Begin PBXNativeTarget section */
		21FEB2E52BD77ED0003851A2 /* RenterMngr */ = {
			isa = PBXNativeTarget;
			buildConfigurationList = 21FEB2FA2BD77ED1003851A2 /* Build configuration list for PBXNativeTarget "RenterMngr" */;
			buildPhases = (
				21FEB2E22BD77ED0003851A2 /* Sources */,
				21FEB2E32BD77ED0003851A2 /* Frameworks */,
				21FEB2E42BD77ED0003851A2 /* Resources */,
			);
			buildRules = (
			);
			dependencies = (
			);
			name = RenterMngr;
			productName = RenterMngr;
			productReference = 21FEB2E62BD77ED0003851A2 /* RenterMngr.app */;
			productType = "com.apple.product-type.application";
		};
/* End PBXNativeTarget section */

/* Begin PBXProject section */
		21FEB2DE2BD77ED0003851A2 /* Project object */ = {
			isa = PBXProject;
			attributes = {
				BuildIndependentTargetsInParallel = 1;
				LastSwiftUpdateCheck = 1430;
				LastUpgradeCheck = 1520;
				TargetAttributes = {
					21FEB2E52BD77ED0003851A2 = {
						CreatedOnToolsVersion = 14.3.1;
					};
				};
			};
			buildConfigurationList = 21FEB2E12BD77ED0003851A2 /* Build configuration list for PBXProject "RenterMngr" */;
			compatibilityVersion = "Xcode 14.0";
			developmentRegion = en;
			hasScannedForEncodings = 0;
			knownRegions = (
				en,
				Base,
			);
			mainGroup = 21FEB2DD2BD77ED0003851A2;
			productRefGroup = 21FEB2E72BD77ED0003851A2 /* Products */;
			projectDirPath = "";
			projectRoot = "";
			targets = (
				21FEB2E52BD77ED0003851A2 /* RenterMngr */,
			);
		};
/* End PBXProject section */

/* Begin PBXResourcesBuildPhase section */
		21FEB2E42BD77ED0003851A2 /* Resources */ = {
			isa = PBXResourcesBuildPhase;
			buildActionMask = 2147483647;
			files = (
				21FEB2F62BD77ED1003851A2 /* LaunchScreen.storyboard in Resources */,
				2114A8FD2BD89A160058D70B /* TenantInfoViewCell.xib in Resources */,
				21FEB2F32BD77ED1003851A2 /* Assets.xcassets in Resources */,
			);
			runOnlyForDeploymentPostprocessing = 0;
		};
/* End PBXResourcesBuildPhase section */

/* Begin PBXSourcesBuildPhase section */
		21FEB2E22BD77ED0003851A2 /* Sources */ = {
			isa = PBXSourcesBuildPhase;
			buildActionMask = 2147483647;
			files = (
				2114A8EC2BD8874B0058D70B /* TenantListPresenter.swift in Sources */,
				21FEB2EE2BD77ED0003851A2 /* ViewController.swift in Sources */,
				2114A9072BD8C5560058D70B /* TenantListViewController.swift in Sources */,
				21FEB3042BD78218003851A2 /* DashboardViewController.swift in Sources */,
				2114A8EF2BD8874B0058D70B /* TenantListProtocols.swift in Sources */,
				21515C032BDE074C00684066 /* TenantInfoCell.swift in Sources */,
				21FEB2EA2BD77ED0003851A2 /* AppDelegate.swift in Sources */,
				21FEB3052BD78218003851A2 /* DashboardProtocols.swift in Sources */,
				21FEB3032BD78218003851A2 /* DashboardRouter.swift in Sources */,
				2114A8FC2BD89A160058D70B /* TenantInfoViewCell.swift in Sources */,
				2114A8F02BD8874B0058D70B /* TenantListInteractor.swift in Sources */,
				2114A8ED2BD8874B0058D70B /* TenantListRouter.swift in Sources */,
				2151DBB52BDABAE100BA56CD /* SearcherView.swift in Sources */,
				21FEB2EC2BD77ED0003851A2 /* SceneDelegate.swift in Sources */,
				21FEB3022BD78218003851A2 /* DashboardPresenter.swift in Sources */,
				21FEB3062BD78218003851A2 /* DashboardInteractor.swift in Sources */,
			);
			runOnlyForDeploymentPostprocessing = 0;
		};
/* End PBXSourcesBuildPhase section */

/* Begin PBXVariantGroup section */
		21FEB2F42BD77ED1003851A2 /* LaunchScreen.storyboard */ = {
			isa = PBXVariantGroup;
			children = (
				21FEB2F52BD77ED1003851A2 /* Base */,
			);
			name = LaunchScreen.storyboard;
			sourceTree = "<group>";
		};
/* End PBXVariantGroup section */

/* Begin XCBuildConfiguration section */
		21FEB2F82BD77ED1003851A2 /* Debug */ = {
			isa = XCBuildConfiguration;
			buildSettings = {
				ALWAYS_SEARCH_USER_PATHS = NO;
				CLANG_ANALYZER_NONNULL = YES;
				CLANG_ANALYZER_NUMBER_OBJECT_CONVERSION = YES_AGGRESSIVE;
				CLANG_CXX_LANGUAGE_STANDARD = "gnu++20";
				CLANG_ENABLE_MODULES = YES;
				CLANG_ENABLE_OBJC_ARC = YES;
				CLANG_ENABLE_OBJC_WEAK = YES;
				CLANG_WARN_BLOCK_CAPTURE_AUTORELEASING = YES;
				CLANG_WARN_BOOL_CONVERSION = YES;
				CLANG_WARN_COMMA = YES;
				CLANG_WARN_CONSTANT_CONVERSION = YES;
				CLANG_WARN_DEPRECATED_OBJC_IMPLEMENTATIONS = YES;
				CLANG_WARN_DIRECT_OBJC_ISA_USAGE = YES_ERROR;
				CLANG_WARN_DOCUMENTATION_COMMENTS = YES;
				CLANG_WARN_EMPTY_BODY = YES;
				CLANG_WARN_ENUM_CONVERSION = YES;
				CLANG_WARN_INFINITE_RECURSION = YES;
				CLANG_WARN_INT_CONVERSION = YES;
				CLANG_WARN_NON_LITERAL_NULL_CONVERSION = YES;
				CLANG_WARN_OBJC_IMPLICIT_RETAIN_SELF = YES;
				CLANG_WARN_OBJC_LITERAL_CONVERSION = YES;
				CLANG_WARN_OBJC_ROOT_CLASS = YES_ERROR;
				CLANG_WARN_QUOTED_INCLUDE_IN_FRAMEWORK_HEADER = YES;
				CLANG_WARN_RANGE_LOOP_ANALYSIS = YES;
				CLANG_WARN_STRICT_PROTOTYPES = YES;
				CLANG_WARN_SUSPICIOUS_MOVE = YES;
				CLANG_WARN_UNGUARDED_AVAILABILITY = YES_AGGRESSIVE;
				CLANG_WARN_UNREACHABLE_CODE = YES;
				CLANG_WARN__DUPLICATE_METHOD_MATCH = YES;
				COPY_PHASE_STRIP = NO;
				DEBUG_INFORMATION_FORMAT = dwarf;
				ENABLE_STRICT_OBJC_MSGSEND = YES;
				ENABLE_TESTABILITY = YES;
				ENABLE_USER_SCRIPT_SANDBOXING = YES;
				GCC_C_LANGUAGE_STANDARD = gnu11;
				GCC_DYNAMIC_NO_PIC = NO;
				GCC_NO_COMMON_BLOCKS = YES;
				GCC_OPTIMIZATION_LEVEL = 0;
				GCC_PREPROCESSOR_DEFINITIONS = (
					"DEBUG=1",
					"$(inherited)",
				);
				GCC_WARN_64_TO_32_BIT_CONVERSION = YES;
				GCC_WARN_ABOUT_RETURN_TYPE = YES_ERROR;
				GCC_WARN_UNDECLARED_SELECTOR = YES;
				GCC_WARN_UNINITIALIZED_AUTOS = YES_AGGRESSIVE;
				GCC_WARN_UNUSED_FUNCTION = YES;
				GCC_WARN_UNUSED_VARIABLE = YES;
				IPHONEOS_DEPLOYMENT_TARGET = 16.4;
				MTL_ENABLE_DEBUG_INFO = INCLUDE_SOURCE;
				MTL_FAST_MATH = YES;
				ONLY_ACTIVE_ARCH = YES;
				SDKROOT = iphoneos;
				SWIFT_ACTIVE_COMPILATION_CONDITIONS = DEBUG;
				SWIFT_OPTIMIZATION_LEVEL = "-Onone";
			};
			name = Debug;
		};
		21FEB2F92BD77ED1003851A2 /* Release */ = {
			isa = XCBuildConfiguration;
			buildSettings = {
				ALWAYS_SEARCH_USER_PATHS = NO;
				CLANG_ANALYZER_NONNULL = YES;
				CLANG_ANALYZER_NUMBER_OBJECT_CONVERSION = YES_AGGRESSIVE;
				CLANG_CXX_LANGUAGE_STANDARD = "gnu++20";
				CLANG_ENABLE_MODULES = YES;
				CLANG_ENABLE_OBJC_ARC = YES;
				CLANG_ENABLE_OBJC_WEAK = YES;
				CLANG_WARN_BLOCK_CAPTURE_AUTORELEASING = YES;
				CLANG_WARN_BOOL_CONVERSION = YES;
				CLANG_WARN_COMMA = YES;
				CLANG_WARN_CONSTANT_CONVERSION = YES;
				CLANG_WARN_DEPRECATED_OBJC_IMPLEMENTATIONS = YES;
				CLANG_WARN_DIRECT_OBJC_ISA_USAGE = YES_ERROR;
				CLANG_WARN_DOCUMENTATION_COMMENTS = YES;
				CLANG_WARN_EMPTY_BODY = YES;
				CLANG_WARN_ENUM_CONVERSION = YES;
				CLANG_WARN_INFINITE_RECURSION = YES;
				CLANG_WARN_INT_CONVERSION = YES;
				CLANG_WARN_NON_LITERAL_NULL_CONVERSION = YES;
				CLANG_WARN_OBJC_IMPLICIT_RETAIN_SELF = YES;
				CLANG_WARN_OBJC_LITERAL_CONVERSION = YES;
				CLANG_WARN_OBJC_ROOT_CLASS = YES_ERROR;
				CLANG_WARN_QUOTED_INCLUDE_IN_FRAMEWORK_HEADER = YES;
				CLANG_WARN_RANGE_LOOP_ANALYSIS = YES;
				CLANG_WARN_STRICT_PROTOTYPES = YES;
				CLANG_WARN_SUSPICIOUS_MOVE = YES;
				CLANG_WARN_UNGUARDED_AVAILABILITY = YES_AGGRESSIVE;
				CLANG_WARN_UNREACHABLE_CODE = YES;
				CLANG_WARN__DUPLICATE_METHOD_MATCH = YES;
				COPY_PHASE_STRIP = NO;
				DEBUG_INFORMATION_FORMAT = "dwarf-with-dsym";
				ENABLE_NS_ASSERTIONS = NO;
				ENABLE_STRICT_OBJC_MSGSEND = YES;
				ENABLE_USER_SCRIPT_SANDBOXING = YES;
				GCC_C_LANGUAGE_STANDARD = gnu11;
				GCC_NO_COMMON_BLOCKS = YES;
				GCC_WARN_64_TO_32_BIT_CONVERSION = YES;
				GCC_WARN_ABOUT_RETURN_TYPE = YES_ERROR;
				GCC_WARN_UNDECLARED_SELECTOR = YES;
				GCC_WARN_UNINITIALIZED_AUTOS = YES_AGGRESSIVE;
				GCC_WARN_UNUSED_FUNCTION = YES;
				GCC_WARN_UNUSED_VARIABLE = YES;
				IPHONEOS_DEPLOYMENT_TARGET = 16.4;
				MTL_ENABLE_DEBUG_INFO = NO;
				MTL_FAST_MATH = YES;
				SDKROOT = iphoneos;
				SWIFT_COMPILATION_MODE = wholemodule;
				SWIFT_OPTIMIZATION_LEVEL = "-O";
				VALIDATE_PRODUCT = YES;
			};
			name = Release;
		};
		21FEB2FB2BD77ED1003851A2 /* Debug */ = {
			isa = XCBuildConfiguration;
			buildSettings = {
				ASSETCATALOG_COMPILER_APPICON_NAME = AppIcon;
				ASSETCATALOG_COMPILER_GLOBAL_ACCENT_COLOR_NAME = AccentColor;
				CODE_SIGN_STYLE = Automatic;
				CURRENT_PROJECT_VERSION = 1;
				GENERATE_INFOPLIST_FILE = YES;
				INFOPLIST_FILE = RenterMngr/Info.plist;
				INFOPLIST_KEY_UIApplicationSupportsIndirectInputEvents = YES;
				INFOPLIST_KEY_UILaunchStoryboardName = LaunchScreen;
				INFOPLIST_KEY_UIMainStoryboardFile = "";
				INFOPLIST_KEY_UISupportedInterfaceOrientations_iPad = "UIInterfaceOrientationPortrait UIInterfaceOrientationPortraitUpsideDown UIInterfaceOrientationLandscapeLeft UIInterfaceOrientationLandscapeRight";
				INFOPLIST_KEY_UISupportedInterfaceOrientations_iPhone = "UIInterfaceOrientationPortrait UIInterfaceOrientationLandscapeLeft UIInterfaceOrientationLandscapeRight";
				LD_RUNPATH_SEARCH_PATHS = (
					"$(inherited)",
					"@executable_path/Frameworks",
				);
				MARKETING_VERSION = 1.0;
				PRODUCT_BUNDLE_IDENTIFIER = com.dlichz.RenterMngr;
				PRODUCT_NAME = "$(TARGET_NAME)";
				SWIFT_EMIT_LOC_STRINGS = YES;
				SWIFT_VERSION = 5.0;
				TARGETED_DEVICE_FAMILY = "1,2";
			};
			name = Debug;
		};
		21FEB2FC2BD77ED1003851A2 /* Release */ = {
			isa = XCBuildConfiguration;
			buildSettings = {
				ASSETCATALOG_COMPILER_APPICON_NAME = AppIcon;
				ASSETCATALOG_COMPILER_GLOBAL_ACCENT_COLOR_NAME = AccentColor;
				CODE_SIGN_STYLE = Automatic;
				CURRENT_PROJECT_VERSION = 1;
				GENERATE_INFOPLIST_FILE = YES;
				INFOPLIST_FILE = RenterMngr/Info.plist;
				INFOPLIST_KEY_UIApplicationSupportsIndirectInputEvents = YES;
				INFOPLIST_KEY_UILaunchStoryboardName = LaunchScreen;
				INFOPLIST_KEY_UIMainStoryboardFile = "";
				INFOPLIST_KEY_UISupportedInterfaceOrientations_iPad = "UIInterfaceOrientationPortrait UIInterfaceOrientationPortraitUpsideDown UIInterfaceOrientationLandscapeLeft UIInterfaceOrientationLandscapeRight";
				INFOPLIST_KEY_UISupportedInterfaceOrientations_iPhone = "UIInterfaceOrientationPortrait UIInterfaceOrientationLandscapeLeft UIInterfaceOrientationLandscapeRight";
				LD_RUNPATH_SEARCH_PATHS = (
					"$(inherited)",
					"@executable_path/Frameworks",
				);
				MARKETING_VERSION = 1.0;
				PRODUCT_BUNDLE_IDENTIFIER = com.dlichz.RenterMngr;
				PRODUCT_NAME = "$(TARGET_NAME)";
				SWIFT_EMIT_LOC_STRINGS = YES;
				SWIFT_VERSION = 5.0;
				TARGETED_DEVICE_FAMILY = "1,2";
			};
			name = Release;
		};
/* End XCBuildConfiguration section */

/* Begin XCConfigurationList section */
		21FEB2E12BD77ED0003851A2 /* Build configuration list for PBXProject "RenterMngr" */ = {
			isa = XCConfigurationList;
			buildConfigurations = (
				21FEB2F82BD77ED1003851A2 /* Debug */,
				21FEB2F92BD77ED1003851A2 /* Release */,
			);
			defaultConfigurationIsVisible = 0;
			defaultConfigurationName = Release;
		};
		21FEB2FA2BD77ED1003851A2 /* Build configuration list for PBXNativeTarget "RenterMngr" */ = {
			isa = XCConfigurationList;
			buildConfigurations = (
				21FEB2FB2BD77ED1003851A2 /* Debug */,
				21FEB2FC2BD77ED1003851A2 /* Release */,
			);
			defaultConfigurationIsVisible = 0;
			defaultConfigurationName = Release;
		};
/* End XCConfigurationList section */
	};
	rootObject = 21FEB2DE2BD77ED0003851A2 /* Project object */;
}
